
Microsoft Visual Studio Solution File, Format Version 12.00
# Visual Studio Version 17
VisualStudioVersion = 17.4.33213.308
MinimumVisualStudioVersion = 10.0.40219.1
Project("{FAE04EC0-301F-11D3-BF4B-00C04F79EFBC}") = "WindowsFormsApp1", "WindowsFormsApp1.csproj", "{D935B73C-1EE1-4F7A-AC61-40564491242C}"
EndProject
Global
	GlobalSection(SolutionConfigurationPlatforms) = preSolution
		Debug|Any CPU = Debug|Any CPU
		Release|Any CPU = Release|Any CPU
	EndGlobalSection
	GlobalSection(ProjectConfigurationPlatforms) = postSolution
		{D935B73C-1EE1-4F7A-AC61-40564491242C}.Debug|Any CPU.ActiveCfg = Debug|Any CPU
		{D935B73C-1EE1-4F7A-AC61-40564491242C}.Debug|Any CPU.Build.0 = Debug|Any CPU
		{D935B73C-1EE1-4F7A-AC61-40564491242C}.Release|Any CPU.ActiveCfg = Release|Any CPU
		{D935B73C-1EE1-4F7A-AC61-40564491242C}.Release|Any CPU.Build.0 = Release|Any CPU
	EndGlobalSection
	GlobalSection(SolutionProperties) = preSolution
		HideSolutionNode = FALSE
	EndGlobalSection
	GlobalSection(ExtensibilityGlobals) = postSolution
		SolutionGuid = {D69D6BBB-397B-40A6-A837-FD3FF269DF42}
	EndGlobalSection
EndGlobal
